
Microsoft Visual Studio Solution File, Format Version 11.00
# Visual Studio 2010
Project("{FAE04EC0-301F-11D3-BF4B-00C04F79EFBC}") = "Assembly-CSharp", "Assembly-CSharp.csproj", "{19DBF500-8BE6-B899-E603-D32A48A650FB}"
EndProject
Project("{FAE04EC0-301F-11D3-BF4B-00C04F79EFBC}") = "Assembly-CSharp-Editor", "Assembly-CSharp-Editor.csproj", "{59329B32-FB6B-9935-F1D1-70595F5614C5}"
EndProject
Global
	GlobalSection(SolutionConfigurationPlatforms) = preSolution
		Debug|Any CPU = Debug|Any CPU
		Release|Any CPU = Release|Any CPU
	EndGlobalSection
	GlobalSection(ProjectConfigurationPlatforms) = postSolution
		{19DBF500-8BE6-B899-E603-D32A48A650FB}.Debug|Any CPU.ActiveCfg = Debug|Any CPU
		{19DBF500-8BE6-B899-E603-D32A48A650FB}.Debug|Any CPU.Build.0 = Debug|Any CPU
		{19DBF500-8BE6-B899-E603-D32A48A650FB}.Release|Any CPU.ActiveCfg = Release|Any CPU
		{19DBF500-8BE6-B899-E603-D32A48A650FB}.Release|Any CPU.Build.0 = Release|Any CPU
		{59329B32-FB6B-9935-F1D1-70595F5614C5}.Debug|Any CPU.ActiveCfg = Debug|Any CPU
		{59329B32-FB6B-9935-F1D1-70595F5614C5}.Debug|Any CPU.Build.0 = Debug|Any CPU
		{59329B32-FB6B-9935-F1D1-70595F5614C5}.Release|Any CPU.ActiveCfg = Release|Any CPU
		{59329B32-FB6B-9935-F1D1-70595F5614C5}.Release|Any CPU.Build.0 = Release|Any CPU
	EndGlobalSection
	GlobalSection(SolutionProperties) = preSolution
		HideSolutionNode = FALSE
	EndGlobalSection
	GlobalSection(MonoDevelopProperties) = preSolution
		StartupItem = Assembly-CSharp.csproj
	EndGlobalSection
EndGlobal
